
Microsoft Visual Studio Solution File, Format Version 12.00
# Visual Studio Version 17
VisualStudioVersion = 17.9.34728.123
MinimumVisualStudioVersion = 10.0.40219.1
Project("{9A19103F-16F7-4668-BE54-9A1E7A4F7556}") = "EMIcalc", "EMIcalc.csproj", "{3038EB15-8FAE-4C13-BB28-BE2FB2E93E00}"
EndProject
Project("{54435603-DBB4-11D2-8724-00A0C9A8B90C}") = "Setup", "..\Setup\Setup.vdproj", "{45A84E80-E955-4E3F-88EA-F4C933DAD22E}"
EndProject
Global
	GlobalSection(SolutionConfigurationPlatforms) = preSolution
		Debug|Any CPU = Debug|Any CPU
		Release|Any CPU = Release|Any CPU
	EndGlobalSection
	GlobalSection(ProjectConfigurationPlatforms) = postSolution
		{3038EB15-8FAE-4C13-BB28-BE2FB2E93E00}.Debug|Any CPU.ActiveCfg = Debug|Any CPU
		{3038EB15-8FAE-4C13-BB28-BE2FB2E93E00}.Debug|Any CPU.Build.0 = Debug|Any CPU
		{3038EB15-8FAE-4C13-BB28-BE2FB2E93E00}.Release|Any CPU.ActiveCfg = Release|Any CPU
		{3038EB15-8FAE-4C13-BB28-BE2FB2E93E00}.Release|Any CPU.Build.0 = Release|Any CPU
		{45A84E80-E955-4E3F-88EA-F4C933DAD22E}.Debug|Any CPU.ActiveCfg = Debug
		{45A84E80-E955-4E3F-88EA-F4C933DAD22E}.Release|Any CPU.ActiveCfg = Release
	EndGlobalSection
	GlobalSection(SolutionProperties) = preSolution
		HideSolutionNode = FALSE
	EndGlobalSection
	GlobalSection(ExtensibilityGlobals) = postSolution
		SolutionGuid = {31262EA5-1642-44C3-B7A7-E02587B79F66}
	EndGlobalSection
EndGlobal
